
Microsoft Visual Studio Solution File, Format Version 12.00
# Visual Studio 15
VisualStudioVersion = 15.0.28010.2026
MinimumVisualStudioVersion = 10.0.40219.1
Project("{9A19103F-16F7-4668-BE54-9A1E7A4F7556}") = "Quinelita.Api", "Quinelita.Api\Quinelita.Api.csproj", "{B61040D0-76FA-4787-ABCA-2479E7CA0D01}"
EndProject
Project("{9A19103F-16F7-4668-BE54-9A1E7A4F7556}") = "Quinelita.Data", "Quinelita.Data\Quinelita.Data.csproj", "{27886675-A1D7-4E4C-A701-0EB8436DBA2F}"
EndProject
Project("{FAE04EC0-301F-11D3-BF4B-00C04F79EFBC}") = "Quinelita.Models", "Quinelita.Models\Quinelita.Models.csproj", "{155F875C-C95D-4BF3-8E67-4283FC98E014}"
EndProject
Global
	GlobalSection(SolutionConfigurationPlatforms) = preSolution
		Debug|Any CPU = Debug|Any CPU
		Release|Any CPU = Release|Any CPU
	EndGlobalSection
	GlobalSection(ProjectConfigurationPlatforms) = postSolution
		{B61040D0-76FA-4787-ABCA-2479E7CA0D01}.Debug|Any CPU.ActiveCfg = Debug|Any CPU
		{B61040D0-76FA-4787-ABCA-2479E7CA0D01}.Debug|Any CPU.Build.0 = Debug|Any CPU
		{B61040D0-76FA-4787-ABCA-2479E7CA0D01}.Release|Any CPU.ActiveCfg = Release|Any CPU
		{B61040D0-76FA-4787-ABCA-2479E7CA0D01}.Release|Any CPU.Build.0 = Release|Any CPU
		{27886675-A1D7-4E4C-A701-0EB8436DBA2F}.Debug|Any CPU.ActiveCfg = Debug|Any CPU
		{27886675-A1D7-4E4C-A701-0EB8436DBA2F}.Debug|Any CPU.Build.0 = Debug|Any CPU
		{27886675-A1D7-4E4C-A701-0EB8436DBA2F}.Release|Any CPU.ActiveCfg = Release|Any CPU
		{27886675-A1D7-4E4C-A701-0EB8436DBA2F}.Release|Any CPU.Build.0 = Release|Any CPU
		{155F875C-C95D-4BF3-8E67-4283FC98E014}.Debug|Any CPU.ActiveCfg = Debug|Any CPU
		{155F875C-C95D-4BF3-8E67-4283FC98E014}.Debug|Any CPU.Build.0 = Debug|Any CPU
		{155F875C-C95D-4BF3-8E67-4283FC98E014}.Release|Any CPU.ActiveCfg = Release|Any CPU
		{155F875C-C95D-4BF3-8E67-4283FC98E014}.Release|Any CPU.Build.0 = Release|Any CPU
	EndGlobalSection
	GlobalSection(SolutionProperties) = preSolution
		HideSolutionNode = FALSE
	EndGlobalSection
	GlobalSection(ExtensibilityGlobals) = postSolution
		SolutionGuid = {A7910A35-CFAD-45B0-8DC3-4443BB25D9C7}
	EndGlobalSection
EndGlobal
